version = 1
revision = 3
requires-python = ">=3.13"

[[package]]
name = "coincurve"
version = "21.0.0"
source = { registry = "https://pypi.org/simple" }
sdist = { url = "https://files.pythonhosted.org/packages/6f/a2/f2a38eb05b747ed3e54e1be33be339d4a14c1f5cc6a6e2b342b5e8160d51/coincurve-21.0.0.tar.gz", hash = "sha256:8b37ce4265a82bebf0e796e21a769e56fdbf8420411ccbe3fafee4ed75b6a6e5", size = 128986, upload-time = "2025-03-08T15:31:24.266Z" }
wheels = [
    { url = "https://files.pythonhosted.org/packages/b3/40/cce55adaec37a588eb24b67da8eb68926546458e12ed2c4c2a21deb93d4c/coincurve-21.0.0-cp313-cp313-macosx_10_13_x86_64.whl", hash = "sha256:9df5ceb5de603b9caf270629996710cf5ed1d43346887bc3895a11258644b65b", size = 1391762, upload-time = "2025-03-08T15:30:49.586Z" },
    { url = "https://files.pythonhosted.org/packages/ca/7a/628a30281d246ce98aea56592e0c8e79b03a93ee8b85d688db3388130c2d/coincurve-21.0.0-cp313-cp313-macosx_11_0_arm64.whl", hash = "sha256:154467858d23c48f9e5ab380433bc2625027b50617400e2984cc16f5799ab601", size = 1384921, upload-time = "2025-03-08T15:30:51.103Z" },
    { url = "https://files.pythonhosted.org/packages/61/cc/719c5da31e6ba07e438abcf962f7a365eb69a06a0621ca4f2a484f344e09/coincurve-21.0.0-cp313-cp313-manylinux_2_12_i686.manylinux2010_i686.manylinux_2_17_i686.manylinux2014_i686.whl", hash = "sha256:f57f07c44d14d939bed289cdeaba4acb986bba9f729a796b6a341eab1661eedc", size = 1606559, upload-time = "2025-03-08T15:30:53.218Z" },
    { url = "https://files.pythonhosted.org/packages/b2/ee/dd14237013d732e7fc3248c0c33a1d36b88b5378dfa3e624a50a23fb6f19/coincurve-21.0.0-cp313-cp313-manylinux_2_17_aarch64.manylinux2014_aarch64.whl", hash = "sha256:3fb03e3a388a93d31ed56a442bdec7983ea404490e21e12af76fb1dbf097082a", size = 1613684, upload-time = "2025-03-08T15:30:55.087Z" },
    { url = "https://files.pythonhosted.org/packages/f0/05/eaa7f36a03376ced1c19e0cb563341cc83fe48f5734b2effe8f16d0ee0ab/coincurve-21.0.0-cp313-cp313-manylinux_2_17_x86_64.manylinux2014_x86_64.whl", hash = "sha256:d09ba4fd9d26b00b06645fcd768c5ad44832a1fa847ebe8fb44970d3204c3cb7", size = 1617001, upload-time = "2025-03-08T15:30:57.036Z" },
    { url = "https://files.pythonhosted.org/packages/39/32/fc75f1dd914ac95eb2704425c7ca1a9f509f982e15d05e0ca895b9e6ea9c/coincurve-21.0.0-cp313-cp313-musllinux_1_2_aarch64.whl", hash = "sha256:1a1e7ee73bc1b3bcf14c7b0d1f44e6485785d3b53ef7b16173c36d3cefa57f93", size = 1643924, upload-time = "2025-03-08T15:30:58.737Z" },
    { url = "https://files.pythonhosted.org/packages/1a/4b/8c6e65b5755e26fc02077803879747615c1c327047328d1784bccb4ff4c3/coincurve-21.0.0-cp313-cp313-musllinux_1_2_i686.whl", hash = "sha256:ad05952b6edc593a874df61f1bc79db99d716ec48ba4302d699e14a419fe6f51", size = 1619964, upload-time = "2025-03-08T15:31:00.275Z" },
    { url = "https://files.pythonhosted.org/packages/64/bc/d0a743305ff9fa26e72b4c77b534d5958ec8030b3772555a7172a0c134e5/coincurve-21.0.0-cp313-cp313-musllinux_1_2_x86_64.whl", hash = "sha256:4d2bf350ced38b73db9efa1ff8fd16a67a1cb35abb2dda50d89661b531f03fd3", size = 1645526, upload-time = "2025-03-08T15:31:01.952Z" },
    { url = "https://files.pythonhosted.org/packages/9d/44/ab082e2dc8c9a45774f1bb9961f58b43c0882b866f5c469ead932d45a35d/coincurve-21.0.0-cp313-cp313-win_amd64.whl", hash = "sha256:54d9500c56d5499375e579c3917472ffcf804c3584dd79052a79974280985c74", size = 1329285, upload-time = "2025-03-08T15:31:03.591Z" },
    { url = "https://files.pythonhosted.org/packages/f3/94/407f6fc811310f15b1fc7255f436f6a9040854213beeb10093f56b5b7fd3/coincurve-21.0.0-cp313-cp313-win_arm64.whl", hash = "sha256:773917f075ec4b94a7a742637d303a3a082616a115c36568eb6c873a8d950d18", size = 1326027, upload-time = "2025-03-08T15:31:05.318Z" },
]

[[package]]
name = "gen-secp"
version = "0.1.0"
source = { editable = "." }

[package.optional-dependencies]
coincurve = [
    { name = "coincurve" },
]

[package.metadata]
requires-dist = [{ name = "coincurve", marker = "extra == 'coincurve'", specifier = ">=21.0.0" }]
provides-extras = ["coincurve"]
